
Microsoft Visual Studio Solution File, Format Version 12.00
# Visual Studio Version 17
VisualStudioVersion = 17.10.35013.160
MinimumVisualStudioVersion = 10.0.40219.1
Project("{FAE04EC0-301F-11D3-BF4B-00C04F79EFBC}") = "App_01", "App_01\App_01.csproj", "{7CA598C7-6239-4090-AEAE-5E21F15D5C17}"
EndProject
Global
	GlobalSection(SolutionConfigurationPlatforms) = preSolution
		Debug|Any CPU = Debug|Any CPU
		Release|Any CPU = Release|Any CPU
	EndGlobalSection
	GlobalSection(ProjectConfigurationPlatforms) = postSolution
		{7CA598C7-6239-4090-AEAE-5E21F15D5C17}.Debug|Any CPU.ActiveCfg = Debug|Any CPU
		{7CA598C7-6239-4090-AEAE-5E21F15D5C17}.Debug|Any CPU.Build.0 = Debug|Any CPU
		{7CA598C7-6239-4090-AEAE-5E21F15D5C17}.Release|Any CPU.ActiveCfg = Release|Any CPU
		{7CA598C7-6239-4090-AEAE-5E21F15D5C17}.Release|Any CPU.Build.0 = Release|Any CPU
	EndGlobalSection
	GlobalSection(SolutionProperties) = preSolution
		HideSolutionNode = FALSE
	EndGlobalSection
	GlobalSection(ExtensibilityGlobals) = postSolution
		SolutionGuid = {5E35D87D-EBF0-4CD8-81D8-3EC16168455D}
	EndGlobalSection
EndGlobal
